
Microsoft Visual Studio Solution File, Format Version 12.00
# Visual Studio Version 16
VisualStudioVersion = 16.0.31624.102
MinimumVisualStudioVersion = 10.0.40219.1
Project("{FAE04EC0-301F-11D3-BF4B-00C04F79EFBC}") = "TextNarrator", "TextNarrator\TextNarrator.csproj", "{FED79355-729E-4053-A75B-831FCF4AD8E6}"
EndProject
Global
	GlobalSection(SolutionConfigurationPlatforms) = preSolution
		Debug|Any CPU = Debug|Any CPU
		Release|Any CPU = Release|Any CPU
	EndGlobalSection
	GlobalSection(ProjectConfigurationPlatforms) = postSolution
		{FED79355-729E-4053-A75B-831FCF4AD8E6}.Debug|Any CPU.ActiveCfg = Debug|Any CPU
		{FED79355-729E-4053-A75B-831FCF4AD8E6}.Debug|Any CPU.Build.0 = Debug|Any CPU
		{FED79355-729E-4053-A75B-831FCF4AD8E6}.Release|Any CPU.ActiveCfg = Release|Any CPU
		{FED79355-729E-4053-A75B-831FCF4AD8E6}.Release|Any CPU.Build.0 = Release|Any CPU
	EndGlobalSection
	GlobalSection(SolutionProperties) = preSolution
		HideSolutionNode = FALSE
	EndGlobalSection
	GlobalSection(ExtensibilityGlobals) = postSolution
		SolutionGuid = {D6A9CE28-9296-4120-A3B3-16ECAF32C3A4}
	EndGlobalSection
EndGlobal
